
Microsoft Visual Studio Solution File, Format Version 12.00
Project("{FAE04EC0-301F-11D3-BF4B-00C04F79EFBC}") = "mfm", "mfm\mfm.csproj", "{0B047935-370E-4217-8A37-EDBF4C0760EF}"
EndProject
Project("{FAE04EC0-301F-11D3-BF4B-00C04F79EFBC}") = "valiasr", "valiasr\valiasr.csproj", "{2222F908-747C-4353-AE4C-2264FA322C2F}"
EndProject
Global
	GlobalSection(SolutionConfigurationPlatforms) = preSolution
		Debug|Any CPU = Debug|Any CPU
		Release|Any CPU = Release|Any CPU
	EndGlobalSection
	GlobalSection(ProjectConfigurationPlatforms) = postSolution
		{0B047935-370E-4217-8A37-EDBF4C0760EF}.Debug|Any CPU.ActiveCfg = Debug|Any CPU
		{0B047935-370E-4217-8A37-EDBF4C0760EF}.Debug|Any CPU.Build.0 = Debug|Any CPU
		{0B047935-370E-4217-8A37-EDBF4C0760EF}.Release|Any CPU.ActiveCfg = Release|Any CPU
		{0B047935-370E-4217-8A37-EDBF4C0760EF}.Release|Any CPU.Build.0 = Release|Any CPU
		{2222F908-747C-4353-AE4C-2264FA322C2F}.Debug|Any CPU.ActiveCfg = Debug|Any CPU
		{2222F908-747C-4353-AE4C-2264FA322C2F}.Debug|Any CPU.Build.0 = Debug|Any CPU
		{2222F908-747C-4353-AE4C-2264FA322C2F}.Release|Any CPU.ActiveCfg = Release|Any CPU
		{2222F908-747C-4353-AE4C-2264FA322C2F}.Release|Any CPU.Build.0 = Release|Any CPU
	EndGlobalSection
EndGlobal
